// !$*UTF8*$!
{
	archiveVersion = 1;
	classes = {
	};
	objectVersion = 77;
	objects = {

/* Begin PBXBuildFile section */
		04882D858E83049B7C45C218 /* LinkItem.swift in Sources */ = {isa = PBXBuildFile; fileRef = 70C02A75EFAED02C5CE9E34E /* LinkItem.swift */; };
		06824532AAE9CD0CAA5C8C9E /* external_embed_with_title.json in Resources */ = {isa = PBXBuildFile; fileRef = EAB6E4B33B31F1ACF5DD5354 /* external_embed_with_title.json */; };
		0758715A19C655F5DB6700FE /* PublicationMapper.swift in Sources */ = {isa = PBXBuildFile; fileRef = A451995DE5D5A06AC2939769 /* PublicationMapper.swift */; };
		0B2A5B0202B19640D01BDA71 /* AppModel.swift in Sources */ = {isa = PBXBuildFile; fileRef = DE2BD7BEC59F9D54C3654616 /* AppModel.swift */; };
		0DDA2278AB62A133C078D988 /* ATProtoClientStatusTests.swift in Sources */ = {isa = PBXBuildFile; fileRef = 2E2BDD345E348786DD224366 /* ATProtoClientStatusTests.swift */; };
		1183726932631B35CE9F8CAE /* ATProtoURI.swift in Sources */ = {isa = PBXBuildFile; fileRef = 9E18BE484565EA5E0C1963E7 /* ATProtoURI.swift */; };
		168BB27824E1EDB154BFA405 /* IngestState.swift in Sources */ = {isa = PBXBuildFile; fileRef = 736D2E66F2D46E934758157E /* IngestState.swift */; };
		237719CC32015886A04EAFF6 /* DateGroupingTests.swift in Sources */ = {isa = PBXBuildFile; fileRef = 7F2AA53236FCBB219D3D3D26 /* DateGroupingTests.swift */; };
		27867908DFC017BA0D101C9D /* record_with_media_nested_external.json in Resources */ = {isa = PBXBuildFile; fileRef = B98F4619D35DADD6D02A9A21 /* record_with_media_nested_external.json */; };
		27DC5014573B08DF3F5A5B9F /* IngestService.swift in Sources */ = {isa = PBXBuildFile; fileRef = 0BBB4279D762914D16A2A8B6 /* IngestService.swift */; };
		3100E318657871155712B0BD /* DateParsing.swift in Sources */ = {isa = PBXBuildFile; fileRef = 2C18AAD5D47E32902FD63853 /* DateParsing.swift */; };
		386F3300A84D3A2155C165CD /* LinkExtractorTests.swift in Sources */ = {isa = PBXBuildFile; fileRef = AFD9C489ED596775A6BE0633 /* LinkExtractorTests.swift */; };
		3C1F50BE353E5F1281A700E2 /* repost.json in Resources */ = {isa = PBXBuildFile; fileRef = 71A1CC1E67D4B8659E7C8212 /* repost.json */; };
		3D141984291C622FC186A70B /* HTMLMetaParserTests.swift in Sources */ = {isa = PBXBuildFile; fileRef = 1663A648097B834FC952198D /* HTMLMetaParserTests.swift */; };
		43357CEEC0A0CB7020550A86 /* Bundle+AppVersion.swift in Sources */ = {isa = PBXBuildFile; fileRef = 3625AF3E4AE9B93E4CE22166 /* Bundle+AppVersion.swift */; };
		439E0577F80159E6745FCCAC /* ArticleDeduplicatorTests.swift in Sources */ = {isa = PBXBuildFile; fileRef = 7EF9447AAA564F621A63F861 /* ArticleDeduplicatorTests.swift */; };
		4922417DEB169C538174F705 /* Assets.xcassets in Resources */ = {isa = PBXBuildFile; fileRef = C5729E8BCD86FDA67A50FF3A /* Assets.xcassets */; };
		4CB6107D22B4195A22638FC9 /* LinkExtractor.swift in Sources */ = {isa = PBXBuildFile; fileRef = 978E5CD58EE4324E3AEB43E4 /* LinkExtractor.swift */; };
		4D89284601DF562557301A41 /* no_links.json in Resources */ = {isa = PBXBuildFile; fileRef = 76A663770CEB185148EE60B1 /* no_links.json */; };
		57373B1C9DBB7D74A6E57701 /* Theme.swift in Sources */ = {isa = PBXBuildFile; fileRef = 23D9BA92E279A5B8FC475719 /* Theme.swift */; };
		64E7CFDCCF750F9D55584475 /* URLNormalizer.swift in Sources */ = {isa = PBXBuildFile; fileRef = 561F0D0B81ADEECC62A3CBCA /* URLNormalizer.swift */; };
		6CF67FB471901C5FB589002C /* BlueskyReaderApp.swift in Sources */ = {isa = PBXBuildFile; fileRef = 6F2F74B17400F77827DD216E /* BlueskyReaderApp.swift */; };
		782F076A400881FFC7498E16 /* SiteNameCacheTests.swift in Sources */ = {isa = PBXBuildFile; fileRef = 75BF2019D5442B7584F203E2 /* SiteNameCacheTests.swift */; };
		810DB27333E71F27457E8FF8 /* ArticleRow.swift in Sources */ = {isa = PBXBuildFile; fileRef = 1A305029EA9F5242AA63A1F7 /* ArticleRow.swift */; };
		8460407D69D10D17FD06BA4D /* DateParsingTests.swift in Sources */ = {isa = PBXBuildFile; fileRef = A5084A78DAAF166958AA41A3 /* DateParsingTests.swift */; };
		87C3F6AC868E1CB6E2CA6CD5 /* BackgroundRefreshManager.swift in Sources */ = {isa = PBXBuildFile; fileRef = 910970FFE5363CAAF1C12D80 /* BackgroundRefreshManager.swift */; };
		8880F1A4EF248B55BD2C44FA /* ReaderView.swift in Sources */ = {isa = PBXBuildFile; fileRef = 1F4D341ACF81063D3C67A032 /* ReaderView.swift */; };
		8EC32240E0F54C24C79F1372 /* ATProtoModels.swift in Sources */ = {isa = PBXBuildFile; fileRef = D0E6F9D7D1140955E2299618 /* ATProtoModels.swift */; };
		98412B79687D4C0C83D6D80F /* FixtureLoader.swift in Sources */ = {isa = PBXBuildFile; fileRef = 7D41DC561E60785DCB6488AA /* FixtureLoader.swift */; };
		9D02B71D20B97615E55B0890 /* non_http_link_skipped.json in Resources */ = {isa = PBXBuildFile; fileRef = 8450A84064A8CA5997C35B0D /* non_http_link_skipped.json */; };
		9E8B158DC5E8C40C9A3CD2A4 /* DateGrouping.swift in Sources */ = {isa = PBXBuildFile; fileRef = 86FFE1CA6140B3CA5084FEFB /* DateGrouping.swift */; };
		A11FF7B57AAF2E1639A5ACA9 /* RootView.swift in Sources */ = {isa = PBXBuildFile; fileRef = 7DB94B880EC5109313B74C90 /* RootView.swift */; };
		AACF14C4EE9A8BB8FA923052 /* RetentionServiceTests.swift in Sources */ = {isa = PBXBuildFile; fileRef = 41871B255B6994A7E169A097 /* RetentionServiceTests.swift */; };
		ABAAFB225FE44C349190EFDB /* ATProtoClient.swift in Sources */ = {isa = PBXBuildFile; fileRef = F487299BBCC853421FCAFDF2 /* ATProtoClient.swift */; };
		B3C0D4F3C5384E830A6E58E2 /* SiteNameCache.swift in Sources */ = {isa = PBXBuildFile; fileRef = 956C5302D298CD9E1F71AE05 /* SiteNameCache.swift */; };
		C0A7EA56C1227FFE119AE808 /* KeychainStore.swift in Sources */ = {isa = PBXBuildFile; fileRef = A69992EDD3BA1BC515BBD883 /* KeychainStore.swift */; };
		C1DD7504C0BD57440AEC3EF6 /* LoginView.swift in Sources */ = {isa = PBXBuildFile; fileRef = 43A1FC8D85FE22C539616103 /* LoginView.swift */; };
		C3242E3673C0AB3766EA722F /* ArticleDeduplicator.swift in Sources */ = {isa = PBXBuildFile; fileRef = 69B34E9068CD963D88A949EC /* ArticleDeduplicator.swift */; };
		C626C95017A3973B36D79319 /* URLNormalizerTests.swift in Sources */ = {isa = PBXBuildFile; fileRef = F0C6D4A024344C33B3DCDE4B /* URLNormalizerTests.swift */; };
		C6EAC2FF14AA028606CD55DF /* ReadingListView.swift in Sources */ = {isa = PBXBuildFile; fileRef = 86819AB2830ABE741C5F5FD5 /* ReadingListView.swift */; };
		CC4ABE480A83F79E66E8993E /* facet_only_link.json in Resources */ = {isa = PBXBuildFile; fileRef = 76D435ACDF3C89EE6316FAD4 /* facet_only_link.json */; };
		CC8EE2CEB61445918578EBD3 /* SettingsView.swift in Sources */ = {isa = PBXBuildFile; fileRef = ECF719F8EDA11D97130E314C /* SettingsView.swift */; };
		CF98B8BBDA45EA5680BF9806 /* HeadlinePageFetcher.swift in Sources */ = {isa = PBXBuildFile; fileRef = 9D2B28462884C1B4703EB34C /* HeadlinePageFetcher.swift */; };
		D0FA2CCB0E595BEE215895B6 /* PublicationMapperTests.swift in Sources */ = {isa = PBXBuildFile; fileRef = 1581B7795F025AD3AFF51D55 /* PublicationMapperTests.swift */; };
		D4388153064DDD98D641AFF3 /* HTMLMetaParser.swift in Sources */ = {isa = PBXBuildFile; fileRef = C1E3561BE62E6DC8620BBD54 /* HTMLMetaParser.swift */; };
		EABE026B9699BE7130BC377A /* RetentionService.swift in Sources */ = {isa = PBXBuildFile; fileRef = 7003A625B1FBAD910675327B /* RetentionService.swift */; };
		EDA65EDF9D2253C4EE35128B /* HeadlineResolver.swift in Sources */ = {isa = PBXBuildFile; fileRef = 070CB01E2FE759458C4C8642 /* HeadlineResolver.swift */; };
		F7DE1226E21F1A20D6E2707B /* IngestCheckpointTests.swift in Sources */ = {isa = PBXBuildFile; fileRef = 5D16A97672452FBD2316448A /* IngestCheckpointTests.swift */; };
		F9AF24A6BE6ED7CD8FB8AF3A /* bsky_app_link_skipped.json in Resources */ = {isa = PBXBuildFile; fileRef = EFD7579F58F2A00181B4AA66 /* bsky_app_link_skipped.json */; };
/* End PBXBuildFile section */

/* Begin PBXContainerItemProxy section */
		6C3E3A0324398B4BBF8A1F02 /* PBXContainerItemProxy */ = {
			isa = PBXContainerItemProxy;
			containerPortal = 9EF538A15C8B32940B9AC6F5 /* Project object */;
			proxyType = 1;
			remoteGlobalIDString = 1B835B920A8135D1F643667B;
			remoteInfo = BlueskyReader;
		};
/* End PBXContainerItemProxy section */

/* Begin PBXFileReference section */
		070CB01E2FE759458C4C8642 /* HeadlineResolver.swift */ = {isa = PBXFileReference; lastKnownFileType = sourcecode.swift; path = HeadlineResolver.swift; sourceTree = "<group>"; };
		0B6827B254C263307B0732DC /* BlueskyReader.app */ = {isa = PBXFileReference; includeInIndex = 0; lastKnownFileType = wrapper.application; path = BlueskyReader.app; sourceTree = BUILT_PRODUCTS_DIR; };
		0BBB4279D762914D16A2A8B6 /* IngestService.swift */ = {isa = PBXFileReference; lastKnownFileType = sourcecode.swift; path = IngestService.swift; sourceTree = "<group>"; };
		1581B7795F025AD3AFF51D55 /* PublicationMapperTests.swift */ = {isa = PBXFileReference; lastKnownFileType = sourcecode.swift; path = PublicationMapperTests.swift; sourceTree = "<group>"; };
		1663A648097B834FC952198D /* HTMLMetaParserTests.swift */ = {isa = PBXFileReference; lastKnownFileType = sourcecode.swift; path = HTMLMetaParserTests.swift; sourceTree = "<group>"; };
		1A305029EA9F5242AA63A1F7 /* ArticleRow.swift */ = {isa = PBXFileReference; lastKnownFileType = sourcecode.swift; path = ArticleRow.swift; sourceTree = "<group>"; };
		1F4D341ACF81063D3C67A032 /* ReaderView.swift */ = {isa = PBXFileReference; lastKnownFileType = sourcecode.swift; path = ReaderView.swift; sourceTree = "<group>"; };
		23D9BA92E279A5B8FC475719 /* Theme.swift */ = {isa = PBXFileReference; lastKnownFileType = sourcecode.swift; path = Theme.swift; sourceTree = "<group>"; };
		2C18AAD5D47E32902FD63853 /* DateParsing.swift */ = {isa = PBXFileReference; lastKnownFileType = sourcecode.swift; path = DateParsing.swift; sourceTree = "<group>"; };
		2E2BDD345E348786DD224366 /* ATProtoClientStatusTests.swift */ = {isa = PBXFileReference; lastKnownFileType = sourcecode.swift; path = ATProtoClientStatusTests.swift; sourceTree = "<group>"; };
		3625AF3E4AE9B93E4CE22166 /* Bundle+AppVersion.swift */ = {isa = PBXFileReference; lastKnownFileType = sourcecode.swift; path = "Bundle+AppVersion.swift"; sourceTree = "<group>"; };
		41871B255B6994A7E169A097 /* RetentionServiceTests.swift */ = {isa = PBXFileReference; lastKnownFileType = sourcecode.swift; path = RetentionServiceTests.swift; sourceTree = "<group>"; };
		43A1FC8D85FE22C539616103 /* LoginView.swift */ = {isa = PBXFileReference; lastKnownFileType = sourcecode.swift; path = LoginView.swift; sourceTree = "<group>"; };
		561F0D0B81ADEECC62A3CBCA /* URLNormalizer.swift */ = {isa = PBXFileReference; lastKnownFileType = sourcecode.swift; path = URLNormalizer.swift; sourceTree = "<group>"; };
		562C315CE85EF3B9A900D291 /* BlueskyReaderTests.xctest */ = {isa = PBXFileReference; includeInIndex = 0; lastKnownFileType = wrapper.cfbundle; path = BlueskyReaderTests.xctest; sourceTree = BUILT_PRODUCTS_DIR; };
		5D16A97672452FBD2316448A /* IngestCheckpointTests.swift */ = {isa = PBXFileReference; lastKnownFileType = sourcecode.swift; path = IngestCheckpointTests.swift; sourceTree = "<group>"; };
		69B34E9068CD963D88A949EC /* ArticleDeduplicator.swift */ = {isa = PBXFileReference; lastKnownFileType = sourcecode.swift; path = ArticleDeduplicator.swift; sourceTree = "<group>"; };
		6F2F74B17400F77827DD216E /* BlueskyReaderApp.swift */ = {isa = PBXFileReference; lastKnownFileType = sourcecode.swift; path = BlueskyReaderApp.swift; sourceTree = "<group>"; };
		7003A625B1FBAD910675327B /* RetentionService.swift */ = {isa = PBXFileReference; lastKnownFileType = sourcecode.swift; path = RetentionService.swift; sourceTree = "<group>"; };
		70C02A75EFAED02C5CE9E34E /* LinkItem.swift */ = {isa = PBXFileReference; lastKnownFileType = sourcecode.swift; path = LinkItem.swift; sourceTree = "<group>"; };
		71A1CC1E67D4B8659E7C8212 /* repost.json */ = {isa = PBXFileReference; lastKnownFileType = text.json; path = repost.json; sourceTree = "<group>"; };
		736D2E66F2D46E934758157E /* IngestState.swift */ = {isa = PBXFileReference; lastKnownFileType = sourcecode.swift; path = IngestState.swift; sourceTree = "<group>"; };
		75BF2019D5442B7584F203E2 /* SiteNameCacheTests.swift */ = {isa = PBXFileReference; lastKnownFileType = sourcecode.swift; path = SiteNameCacheTests.swift; sourceTree = "<group>"; };
		76A663770CEB185148EE60B1 /* no_links.json */ = {isa = PBXFileReference; lastKnownFileType = text.json; path = no_links.json; sourceTree = "<group>"; };
		76D435ACDF3C89EE6316FAD4 /* facet_only_link.json */ = {isa = PBXFileReference; lastKnownFileType = text.json; path = facet_only_link.json; sourceTree = "<group>"; };
		7D41DC561E60785DCB6488AA /* FixtureLoader.swift */ = {isa = PBXFileReference; lastKnownFileType = sourcecode.swift; path = FixtureLoader.swift; sourceTree = "<group>"; };
		7DB94B880EC5109313B74C90 /* RootView.swift */ = {isa = PBXFileReference; lastKnownFileType = sourcecode.swift; path = RootView.swift; sourceTree = "<group>"; };
		7EF9447AAA564F621A63F861 /* ArticleDeduplicatorTests.swift */ = {isa = PBXFileReference; lastKnownFileType = sourcecode.swift; path = ArticleDeduplicatorTests.swift; sourceTree = "<group>"; };
		7F2AA53236FCBB219D3D3D26 /* DateGroupingTests.swift */ = {isa = PBXFileReference; lastKnownFileType = sourcecode.swift; path = DateGroupingTests.swift; sourceTree = "<group>"; };
		8450A84064A8CA5997C35B0D /* non_http_link_skipped.json */ = {isa = PBXFileReference; lastKnownFileType = text.json; path = non_http_link_skipped.json; sourceTree = "<group>"; };
		86819AB2830ABE741C5F5FD5 /* ReadingListView.swift */ = {isa = PBXFileReference; lastKnownFileType = sourcecode.swift; path = ReadingListView.swift; sourceTree = "<group>"; };
		86FFE1CA6140B3CA5084FEFB /* DateGrouping.swift */ = {isa = PBXFileReference; lastKnownFileType = sourcecode.swift; path = DateGrouping.swift; sourceTree = "<group>"; };
		910970FFE5363CAAF1C12D80 /* BackgroundRefreshManager.swift */ = {isa = PBXFileReference; lastKnownFileType = sourcecode.swift; path = BackgroundRefreshManager.swift; sourceTree = "<group>"; };
		956C5302D298CD9E1F71AE05 /* SiteNameCache.swift */ = {isa = PBXFileReference; lastKnownFileType = sourcecode.swift; path = SiteNameCache.swift; sourceTree = "<group>"; };
		978E5CD58EE4324E3AEB43E4 /* LinkExtractor.swift */ = {isa = PBXFileReference; lastKnownFileType = sourcecode.swift; path = LinkExtractor.swift; sourceTree = "<group>"; };
		9D2B28462884C1B4703EB34C /* HeadlinePageFetcher.swift */ = {isa = PBXFileReference; lastKnownFileType = sourcecode.swift; path = HeadlinePageFetcher.swift; sourceTree = "<group>"; };
		9E18BE484565EA5E0C1963E7 /* ATProtoURI.swift */ = {isa = PBXFileReference; lastKnownFileType = sourcecode.swift; path = ATProtoURI.swift; sourceTree = "<group>"; };
		A451995DE5D5A06AC2939769 /* PublicationMapper.swift */ = {isa = PBXFileReference; lastKnownFileType = sourcecode.swift; path = PublicationMapper.swift; sourceTree = "<group>"; };
		A5084A78DAAF166958AA41A3 /* DateParsingTests.swift */ = {isa = PBXFileReference; lastKnownFileType = sourcecode.swift; path = DateParsingTests.swift; sourceTree = "<group>"; };
		A69992EDD3BA1BC515BBD883 /* KeychainStore.swift */ = {isa = PBXFileReference; lastKnownFileType = sourcecode.swift; path = KeychainStore.swift; sourceTree = "<group>"; };
		A80A2D46D8EBB64BC8E86290 /* Info.plist */ = {isa = PBXFileReference; lastKnownFileType = text.plist; path = Info.plist; sourceTree = "<group>"; };
		AFD9C489ED596775A6BE0633 /* LinkExtractorTests.swift */ = {isa = PBXFileReference; lastKnownFileType = sourcecode.swift; path = LinkExtractorTests.swift; sourceTree = "<group>"; };
		B98F4619D35DADD6D02A9A21 /* record_with_media_nested_external.json */ = {isa = PBXFileReference; lastKnownFileType = text.json; path = record_with_media_nested_external.json; sourceTree = "<group>"; };
		C1E3561BE62E6DC8620BBD54 /* HTMLMetaParser.swift */ = {isa = PBXFileReference; lastKnownFileType = sourcecode.swift; path = HTMLMetaParser.swift; sourceTree = "<group>"; };
		C5729E8BCD86FDA67A50FF3A /* Assets.xcassets */ = {isa = PBXFileReference; lastKnownFileType = folder.assetcatalog; path = Assets.xcassets; sourceTree = "<group>"; };
		D0E6F9D7D1140955E2299618 /* ATProtoModels.swift */ = {isa = PBXFileReference; lastKnownFileType = sourcecode.swift; path = ATProtoModels.swift; sourceTree = "<group>"; };
		DE2BD7BEC59F9D54C3654616 /* AppModel.swift */ = {isa = PBXFileReference; lastKnownFileType = sourcecode.swift; path = AppModel.swift; sourceTree = "<group>"; };
		EAB6E4B33B31F1ACF5DD5354 /* external_embed_with_title.json */ = {isa = PBXFileReference; lastKnownFileType = text.json; path = external_embed_with_title.json; sourceTree = "<group>"; };
		ECF719F8EDA11D97130E314C /* SettingsView.swift */ = {isa = PBXFileReference; lastKnownFileType = sourcecode.swift; path = SettingsView.swift; sourceTree = "<group>"; };
		EFD7579F58F2A00181B4AA66 /* bsky_app_link_skipped.json */ = {isa = PBXFileReference; lastKnownFileType = text.json; path = bsky_app_link_skipped.json; sourceTree = "<group>"; };
		F0C6D4A024344C33B3DCDE4B /* URLNormalizerTests.swift */ = {isa = PBXFileReference; lastKnownFileType = sourcecode.swift; path = URLNormalizerTests.swift; sourceTree = "<group>"; };
		F487299BBCC853421FCAFDF2 /* ATProtoClient.swift */ = {isa = PBXFileReference; lastKnownFileType = sourcecode.swift; path = ATProtoClient.swift; sourceTree = "<group>"; };
/* End PBXFileReference section */

/* Begin PBXGroup section */
		1E5706F654CC93050AD3F1D7 = {
			isa = PBXGroup;
			children = (
				6A5F2CBCF76CB52E299FB375 /* BlueskyReader */,
				D87881928EEB3850982E11EF /* BlueskyReaderTests */,
				518061C89663F05FB2F73AF5 /* Products */,
			);
			sourceTree = "<group>";
		};
		290572E0A152BDA83461D260 /* App */ = {
			isa = PBXGroup;
			children = (
				6F2F74B17400F77827DD216E /* BlueskyReaderApp.swift */,
				7DB94B880EC5109313B74C90 /* RootView.swift */,
			);
			path = App;
			sourceTree = "<group>";
		};
		424986E5FE1AFAD2CB2BF79F /* Theme */ = {
			isa = PBXGroup;
			children = (
				23D9BA92E279A5B8FC475719 /* Theme.swift */,
			);
			path = Theme;
			sourceTree = "<group>";
		};
		518061C89663F05FB2F73AF5 /* Products */ = {
			isa = PBXGroup;
			children = (
				0B6827B254C263307B0732DC /* BlueskyReader.app */,
				562C315CE85EF3B9A900D291 /* BlueskyReaderTests.xctest */,
			);
			name = Products;
			sourceTree = "<group>";
		};
		6A5F2CBCF76CB52E299FB375 /* BlueskyReader */ = {
			isa = PBXGroup;
			children = (
				290572E0A152BDA83461D260 /* App */,
				77511A5157469FC8E7214051 /* Ingest */,
				C247E1E1A55D0373EB71C8A4 /* Models */,
				9281F888A6AED282A1850985 /* Networking */,
				90981128C3FA2C59FC2B8241 /* Resources */,
				424986E5FE1AFAD2CB2BF79F /* Theme */,
				8E5C33382F0C05D810F0DA5B /* ViewModels */,
				A12FDD6B874084EDACFF6530 /* Views */,
			);
			path = BlueskyReader;
			sourceTree = "<group>";
		};
		77511A5157469FC8E7214051 /* Ingest */ = {
			isa = PBXGroup;
			children = (
				69B34E9068CD963D88A949EC /* ArticleDeduplicator.swift */,
				9E18BE484565EA5E0C1963E7 /* ATProtoURI.swift */,
				910970FFE5363CAAF1C12D80 /* BackgroundRefreshManager.swift */,
				86FFE1CA6140B3CA5084FEFB /* DateGrouping.swift */,
				2C18AAD5D47E32902FD63853 /* DateParsing.swift */,
				9D2B28462884C1B4703EB34C /* HeadlinePageFetcher.swift */,
				070CB01E2FE759458C4C8642 /* HeadlineResolver.swift */,
				C1E3561BE62E6DC8620BBD54 /* HTMLMetaParser.swift */,
				0BBB4279D762914D16A2A8B6 /* IngestService.swift */,
				978E5CD58EE4324E3AEB43E4 /* LinkExtractor.swift */,
				A451995DE5D5A06AC2939769 /* PublicationMapper.swift */,
				7003A625B1FBAD910675327B /* RetentionService.swift */,
				956C5302D298CD9E1F71AE05 /* SiteNameCache.swift */,
				561F0D0B81ADEECC62A3CBCA /* URLNormalizer.swift */,
			);
			path = Ingest;
			sourceTree = "<group>";
		};
		8E5C33382F0C05D810F0DA5B /* ViewModels */ = {
			isa = PBXGroup;
			children = (
				DE2BD7BEC59F9D54C3654616 /* AppModel.swift */,
			);
			path = ViewModels;
			sourceTree = "<group>";
		};
		90981128C3FA2C59FC2B8241 /* Resources */ = {
			isa = PBXGroup;
			children = (
				C5729E8BCD86FDA67A50FF3A /* Assets.xcassets */,
				A80A2D46D8EBB64BC8E86290 /* Info.plist */,
			);
			path = Resources;
			sourceTree = "<group>";
		};
		9281F888A6AED282A1850985 /* Networking */ = {
			isa = PBXGroup;
			children = (
				F487299BBCC853421FCAFDF2 /* ATProtoClient.swift */,
				D0E6F9D7D1140955E2299618 /* ATProtoModels.swift */,
				A69992EDD3BA1BC515BBD883 /* KeychainStore.swift */,
			);
			path = Networking;
			sourceTree = "<group>";
		};
		98E174B5C0EF225568B56EC6 /* Fixtures */ = {
			isa = PBXGroup;
			children = (
				EFD7579F58F2A00181B4AA66 /* bsky_app_link_skipped.json */,
				EAB6E4B33B31F1ACF5DD5354 /* external_embed_with_title.json */,
				76D435ACDF3C89EE6316FAD4 /* facet_only_link.json */,
				76A663770CEB185148EE60B1 /* no_links.json */,
				8450A84064A8CA5997C35B0D /* non_http_link_skipped.json */,
				B98F4619D35DADD6D02A9A21 /* record_with_media_nested_external.json */,
				71A1CC1E67D4B8659E7C8212 /* repost.json */,
			);
			path = Fixtures;
			sourceTree = "<group>";
		};
		A12FDD6B874084EDACFF6530 /* Views */ = {
			isa = PBXGroup;
			children = (
				1A305029EA9F5242AA63A1F7 /* ArticleRow.swift */,
				43A1FC8D85FE22C539616103 /* LoginView.swift */,
				1F4D341ACF81063D3C67A032 /* ReaderView.swift */,
				86819AB2830ABE741C5F5FD5 /* ReadingListView.swift */,
				ECF719F8EDA11D97130E314C /* SettingsView.swift */,
			);
			path = Views;
			sourceTree = "<group>";
		};
		C247E1E1A55D0373EB71C8A4 /* Models */ = {
			isa = PBXGroup;
			children = (
				3625AF3E4AE9B93E4CE22166 /* Bundle+AppVersion.swift */,
				736D2E66F2D46E934758157E /* IngestState.swift */,
				70C02A75EFAED02C5CE9E34E /* LinkItem.swift */,
			);
			path = Models;
			sourceTree = "<group>";
		};
		D87881928EEB3850982E11EF /* BlueskyReaderTests */ = {
			isa = PBXGroup;
			children = (
				7EF9447AAA564F621A63F861 /* ArticleDeduplicatorTests.swift */,
				2E2BDD345E348786DD224366 /* ATProtoClientStatusTests.swift */,
				7F2AA53236FCBB219D3D3D26 /* DateGroupingTests.swift */,
				A5084A78DAAF166958AA41A3 /* DateParsingTests.swift */,
				7D41DC561E60785DCB6488AA /* FixtureLoader.swift */,
				1663A648097B834FC952198D /* HTMLMetaParserTests.swift */,
				5D16A97672452FBD2316448A /* IngestCheckpointTests.swift */,
				AFD9C489ED596775A6BE0633 /* LinkExtractorTests.swift */,
				1581B7795F025AD3AFF51D55 /* PublicationMapperTests.swift */,
				41871B255B6994A7E169A097 /* RetentionServiceTests.swift */,
				75BF2019D5442B7584F203E2 /* SiteNameCacheTests.swift */,
				F0C6D4A024344C33B3DCDE4B /* URLNormalizerTests.swift */,
				98E174B5C0EF225568B56EC6 /* Fixtures */,
			);
			path = BlueskyReaderTests;
			sourceTree = "<group>";
		};
/* End PBXGroup section */

/* Begin PBXNativeTarget section */
		1B835B920A8135D1F643667B /* BlueskyReader */ = {
			isa = PBXNativeTarget;
			buildConfigurationList = AD5516BF55B9F7CA5381645B /* Build configuration list for PBXNativeTarget "BlueskyReader" */;
			buildPhases = (
				1279E5F71216461AA7327AD5 /* Sources */,
				2A9A76F28CA6CE5DF5A34190 /* Resources */,
			);
			buildRules = (
			);
			dependencies = (
			);
			name = BlueskyReader;
			packageProductDependencies = (
			);
			productName = BlueskyReader;
			productReference = 0B6827B254C263307B0732DC /* BlueskyReader.app */;
			productType = "com.apple.product-type.application";
		};
		7D23BFA409F7EC3C5F6BBCC4 /* BlueskyReaderTests */ = {
			isa = PBXNativeTarget;
			buildConfigurationList = A778FE324484FA6C056E6A9A /* Build configuration list for PBXNativeTarget "BlueskyReaderTests" */;
			buildPhases = (
				B8A92DCDFDEA78D88F8875D0 /* Sources */,
				573DDD90F1888592AD25D59C /* Resources */,
			);
			buildRules = (
			);
			dependencies = (
				605ED475C2976C6383400198 /* PBXTargetDependency */,
			);
			name = BlueskyReaderTests;
			packageProductDependencies = (
			);
			productName = BlueskyReaderTests;
			productReference = 562C315CE85EF3B9A900D291 /* BlueskyReaderTests.xctest */;
			productType = "com.apple.product-type.bundle.unit-test";
		};
/* End PBXNativeTarget section */

/* Begin PBXProject section */
		9EF538A15C8B32940B9AC6F5 /* Project object */ = {
			isa = PBXProject;
			attributes = {
				BuildIndependentTargetsInParallel = YES;
				LastUpgradeCheck = 1430;
				TargetAttributes = {
					1B835B920A8135D1F643667B = {
						DevelopmentTeam = "";
						ProvisioningStyle = Automatic;
					};
					7D23BFA409F7EC3C5F6BBCC4 = {
						DevelopmentTeam = "";
						ProvisioningStyle = Automatic;
					};
				};
			};
			buildConfigurationList = 4DD6564B170DEC0395FA70E1 /* Build configuration list for PBXProject "BlueskyReader" */;
			developmentRegion = en;
			hasScannedForEncodings = 0;
			knownRegions = (
				Base,
				en,
			);
			mainGroup = 1E5706F654CC93050AD3F1D7;
			minimizedProjectReferenceProxies = 1;
			preferredProjectObjectVersion = 77;
			productRefGroup = 518061C89663F05FB2F73AF5 /* Products */;
			projectDirPath = "";
			projectRoot = "";
			targets = (
				1B835B920A8135D1F643667B /* BlueskyReader */,
				7D23BFA409F7EC3C5F6BBCC4 /* BlueskyReaderTests */,
			);
		};
/* End PBXProject section */

/* Begin PBXResourcesBuildPhase section */
		2A9A76F28CA6CE5DF5A34190 /* Resources */ = {
			isa = PBXResourcesBuildPhase;
			buildActionMask = 2147483647;
			files = (
				4922417DEB169C538174F705 /* Assets.xcassets in Resources */,
			);
			runOnlyForDeploymentPostprocessing = 0;
		};
		573DDD90F1888592AD25D59C /* Resources */ = {
			isa = PBXResourcesBuildPhase;
			buildActionMask = 2147483647;
			files = (
				F9AF24A6BE6ED7CD8FB8AF3A /* bsky_app_link_skipped.json in Resources */,
				06824532AAE9CD0CAA5C8C9E /* external_embed_with_title.json in Resources */,
				CC4ABE480A83F79E66E8993E /* facet_only_link.json in Resources */,
				4D89284601DF562557301A41 /* no_links.json in Resources */,
				9D02B71D20B97615E55B0890 /* non_http_link_skipped.json in Resources */,
				27867908DFC017BA0D101C9D /* record_with_media_nested_external.json in Resources */,
				3C1F50BE353E5F1281A700E2 /* repost.json in Resources */,
			);
			runOnlyForDeploymentPostprocessing = 0;
		};
/* End PBXResourcesBuildPhase section */

/* Begin PBXSourcesBuildPhase section */
		1279E5F71216461AA7327AD5 /* Sources */ = {
			isa = PBXSourcesBuildPhase;
			buildActionMask = 2147483647;
			files = (
				ABAAFB225FE44C349190EFDB /* ATProtoClient.swift in Sources */,
				8EC32240E0F54C24C79F1372 /* ATProtoModels.swift in Sources */,
				1183726932631B35CE9F8CAE /* ATProtoURI.swift in Sources */,
				0B2A5B0202B19640D01BDA71 /* AppModel.swift in Sources */,
				C3242E3673C0AB3766EA722F /* ArticleDeduplicator.swift in Sources */,
				810DB27333E71F27457E8FF8 /* ArticleRow.swift in Sources */,
				87C3F6AC868E1CB6E2CA6CD5 /* BackgroundRefreshManager.swift in Sources */,
				6CF67FB471901C5FB589002C /* BlueskyReaderApp.swift in Sources */,
				43357CEEC0A0CB7020550A86 /* Bundle+AppVersion.swift in Sources */,
				9E8B158DC5E8C40C9A3CD2A4 /* DateGrouping.swift in Sources */,
				3100E318657871155712B0BD /* DateParsing.swift in Sources */,
				D4388153064DDD98D641AFF3 /* HTMLMetaParser.swift in Sources */,
				CF98B8BBDA45EA5680BF9806 /* HeadlinePageFetcher.swift in Sources */,
				EDA65EDF9D2253C4EE35128B /* HeadlineResolver.swift in Sources */,
				27DC5014573B08DF3F5A5B9F /* IngestService.swift in Sources */,
				168BB27824E1EDB154BFA405 /* IngestState.swift in Sources */,
				C0A7EA56C1227FFE119AE808 /* KeychainStore.swift in Sources */,
				4CB6107D22B4195A22638FC9 /* LinkExtractor.swift in Sources */,
				04882D858E83049B7C45C218 /* LinkItem.swift in Sources */,
				C1DD7504C0BD57440AEC3EF6 /* LoginView.swift in Sources */,
				0758715A19C655F5DB6700FE /* PublicationMapper.swift in Sources */,
				8880F1A4EF248B55BD2C44FA /* ReaderView.swift in Sources */,
				C6EAC2FF14AA028606CD55DF /* ReadingListView.swift in Sources */,
				EABE026B9699BE7130BC377A /* RetentionService.swift in Sources */,
				A11FF7B57AAF2E1639A5ACA9 /* RootView.swift in Sources */,
				CC8EE2CEB61445918578EBD3 /* SettingsView.swift in Sources */,
				B3C0D4F3C5384E830A6E58E2 /* SiteNameCache.swift in Sources */,
				57373B1C9DBB7D74A6E57701 /* Theme.swift in Sources */,
				64E7CFDCCF750F9D55584475 /* URLNormalizer.swift in Sources */,
			);
			runOnlyForDeploymentPostprocessing = 0;
		};
		B8A92DCDFDEA78D88F8875D0 /* Sources */ = {
			isa = PBXSourcesBuildPhase;
			buildActionMask = 2147483647;
			files = (
				0DDA2278AB62A133C078D988 /* ATProtoClientStatusTests.swift in Sources */,
				439E0577F80159E6745FCCAC /* ArticleDeduplicatorTests.swift in Sources */,
				237719CC32015886A04EAFF6 /* DateGroupingTests.swift in Sources */,
				8460407D69D10D17FD06BA4D /* DateParsingTests.swift in Sources */,
				98412B79687D4C0C83D6D80F /* FixtureLoader.swift in Sources */,
				3D141984291C622FC186A70B /* HTMLMetaParserTests.swift in Sources */,
				F7DE1226E21F1A20D6E2707B /* IngestCheckpointTests.swift in Sources */,
				386F3300A84D3A2155C165CD /* LinkExtractorTests.swift in Sources */,
				D0FA2CCB0E595BEE215895B6 /* PublicationMapperTests.swift in Sources */,
				AACF14C4EE9A8BB8FA923052 /* RetentionServiceTests.swift in Sources */,
				782F076A400881FFC7498E16 /* SiteNameCacheTests.swift in Sources */,
				C626C95017A3973B36D79319 /* URLNormalizerTests.swift in Sources */,
			);
			runOnlyForDeploymentPostprocessing = 0;
		};
/* End PBXSourcesBuildPhase section */

/* Begin PBXTargetDependency section */
		605ED475C2976C6383400198 /* PBXTargetDependency */ = {
			isa = PBXTargetDependency;
			target = 1B835B920A8135D1F643667B /* BlueskyReader */;
			targetProxy = 6C3E3A0324398B4BBF8A1F02 /* PBXContainerItemProxy */;
		};
/* End PBXTargetDependency section */

/* Begin XCBuildConfiguration section */
		2E8173DC2B4CF1652DDC8D26 /* Release */ = {
			isa = XCBuildConfiguration;
			buildSettings = {
				BUNDLE_LOADER = "$(TEST_HOST)";
				GENERATE_INFOPLIST_FILE = YES;
				LD_RUNPATH_SEARCH_PATHS = (
					"$(inherited)",
					"@executable_path/Frameworks",
					"@loader_path/Frameworks",
				);
				PRODUCT_BUNDLE_IDENTIFIER = com.coreylewis.BlueskyReaderTests;
				SDKROOT = iphoneos;
				TARGETED_DEVICE_FAMILY = "1,2";
				TEST_HOST = "$(BUILT_PRODUCTS_DIR)/BlueskyReader.app/BlueskyReader";
			};
			name = Release;
		};
		75162CB535604846FBA751F8 /* Debug */ = {
			isa = XCBuildConfiguration;
			buildSettings = {
				ASSETCATALOG_COMPILER_APPICON_NAME = AppIcon;
				CODE_SIGN_IDENTITY = "iPhone Developer";
				INFOPLIST_FILE = BlueskyReader/Resources/Info.plist;
				LD_RUNPATH_SEARCH_PATHS = (
					"$(inherited)",
					"@executable_path/Frameworks",
				);
				PRODUCT_BUNDLE_IDENTIFIER = com.coreylewis.BlueskyReader;
				SDKROOT = iphoneos;
				SWIFT_EMIT_LOC_STRINGS = YES;
				TARGETED_DEVICE_FAMILY = 1;
			};
			name = Debug;
		};
		93E0DC18BD7E46CFEE8673E5 /* Debug */ = {
			isa = XCBuildConfiguration;
			buildSettings = {
				BUNDLE_LOADER = "$(TEST_HOST)";
				GENERATE_INFOPLIST_FILE = YES;
				LD_RUNPATH_SEARCH_PATHS = (
					"$(inherited)",
					"@executable_path/Frameworks",
					"@loader_path/Frameworks",
				);
				PRODUCT_BUNDLE_IDENTIFIER = com.coreylewis.BlueskyReaderTests;
				SDKROOT = iphoneos;
				TARGETED_DEVICE_FAMILY = "1,2";
				TEST_HOST = "$(BUILT_PRODUCTS_DIR)/BlueskyReader.app/BlueskyReader";
			};
			name = Debug;
		};
		B1156B53CD37B9783762C618 /* Release */ = {
			isa = XCBuildConfiguration;
			buildSettings = {
				ALWAYS_SEARCH_USER_PATHS = NO;
				CLANG_ANALYZER_NONNULL = YES;
				CLANG_ANALYZER_NUMBER_OBJECT_CONVERSION = YES_AGGRESSIVE;
				CLANG_CXX_LANGUAGE_STANDARD = "gnu++14";
				CLANG_CXX_LIBRARY = "libc++";
				CLANG_ENABLE_MODULES = YES;
				CLANG_ENABLE_OBJC_ARC = YES;
				CLANG_ENABLE_OBJC_WEAK = YES;
				CLANG_WARN_BLOCK_CAPTURE_AUTORELEASING = YES;
				CLANG_WARN_BOOL_CONVERSION = YES;
				CLANG_WARN_COMMA = YES;
				CLANG_WARN_CONSTANT_CONVERSION = YES;
				CLANG_WARN_DEPRECATED_OBJC_IMPLEMENTATIONS = YES;
				CLANG_WARN_DIRECT_OBJC_ISA_USAGE = YES_ERROR;
				CLANG_WARN_DOCUMENTATION_COMMENTS = YES;
				CLANG_WARN_EMPTY_BODY = YES;
				CLANG_WARN_ENUM_CONVERSION = YES;
				CLANG_WARN_INFINITE_RECURSION = YES;
				CLANG_WARN_INT_CONVERSION = YES;
				CLANG_WARN_NON_LITERAL_NULL_CONVERSION = YES;
				CLANG_WARN_OBJC_IMPLICIT_RETAIN_SELF = YES;
				CLANG_WARN_OBJC_LITERAL_CONVERSION = YES;
				CLANG_WARN_OBJC_ROOT_CLASS = YES_ERROR;
				CLANG_WARN_QUOTED_INCLUDE_IN_FRAMEWORK_HEADER = YES;
				CLANG_WARN_RANGE_LOOP_ANALYSIS = YES;
				CLANG_WARN_STRICT_PROTOTYPES = YES;
				CLANG_WARN_SUSPICIOUS_MOVE = YES;
				CLANG_WARN_UNGUARDED_AVAILABILITY = YES_AGGRESSIVE;
				CLANG_WARN_UNREACHABLE_CODE = YES;
				CLANG_WARN__DUPLICATE_METHOD_MATCH = YES;
				CODE_SIGN_STYLE = Automatic;
				COPY_PHASE_STRIP = NO;
				DEBUG_INFORMATION_FORMAT = "dwarf-with-dsym";
				DEVELOPMENT_TEAM = "";
				ENABLE_NS_ASSERTIONS = NO;
				ENABLE_STRICT_OBJC_MSGSEND = YES;
				GCC_C_LANGUAGE_STANDARD = gnu11;
				GCC_NO_COMMON_BLOCKS = YES;
				GCC_WARN_64_TO_32_BIT_CONVERSION = YES;
				GCC_WARN_ABOUT_RETURN_TYPE = YES_ERROR;
				GCC_WARN_UNDECLARED_SELECTOR = YES;
				GCC_WARN_UNINITIALIZED_AUTOS = YES_AGGRESSIVE;
				GCC_WARN_UNUSED_FUNCTION = YES;
				GCC_WARN_UNUSED_VARIABLE = YES;
				IPHONEOS_DEPLOYMENT_TARGET = 17.0;
				MTL_ENABLE_DEBUG_INFO = NO;
				MTL_FAST_MATH = YES;
				PRODUCT_NAME = "$(TARGET_NAME)";
				SDKROOT = iphoneos;
				SWIFT_COMPILATION_MODE = wholemodule;
				SWIFT_OPTIMIZATION_LEVEL = "-O";
				SWIFT_VERSION = 5.1;
			};
			name = Release;
		};
		B4397CE9C4BEA0C641049A17 /* Release */ = {
			isa = XCBuildConfiguration;
			buildSettings = {
				ASSETCATALOG_COMPILER_APPICON_NAME = AppIcon;
				CODE_SIGN_IDENTITY = "iPhone Developer";
				INFOPLIST_FILE = BlueskyReader/Resources/Info.plist;
				LD_RUNPATH_SEARCH_PATHS = (
					"$(inherited)",
					"@executable_path/Frameworks",
				);
				PRODUCT_BUNDLE_IDENTIFIER = com.coreylewis.BlueskyReader;
				SDKROOT = iphoneos;
				SWIFT_EMIT_LOC_STRINGS = YES;
				TARGETED_DEVICE_FAMILY = 1;
			};
			name = Release;
		};
		F0C9FB78B667597DA0376463 /* Debug */ = {
			isa = XCBuildConfiguration;
			buildSettings = {
				ALWAYS_SEARCH_USER_PATHS = NO;
				CLANG_ANALYZER_NONNULL = YES;
				CLANG_ANALYZER_NUMBER_OBJECT_CONVERSION = YES_AGGRESSIVE;
				CLANG_CXX_LANGUAGE_STANDARD = "gnu++14";
				CLANG_CXX_LIBRARY = "libc++";
				CLANG_ENABLE_MODULES = YES;
				CLANG_ENABLE_OBJC_ARC = YES;
				CLANG_ENABLE_OBJC_WEAK = YES;
				CLANG_WARN_BLOCK_CAPTURE_AUTORELEASING = YES;
				CLANG_WARN_BOOL_CONVERSION = YES;
				CLANG_WARN_COMMA = YES;
				CLANG_WARN_CONSTANT_CONVERSION = YES;
				CLANG_WARN_DEPRECATED_OBJC_IMPLEMENTATIONS = YES;
				CLANG_WARN_DIRECT_OBJC_ISA_USAGE = YES_ERROR;
				CLANG_WARN_DOCUMENTATION_COMMENTS = YES;
				CLANG_WARN_EMPTY_BODY = YES;
				CLANG_WARN_ENUM_CONVERSION = YES;
				CLANG_WARN_INFINITE_RECURSION = YES;
				CLANG_WARN_INT_CONVERSION = YES;
				CLANG_WARN_NON_LITERAL_NULL_CONVERSION = YES;
				CLANG_WARN_OBJC_IMPLICIT_RETAIN_SELF = YES;
				CLANG_WARN_OBJC_LITERAL_CONVERSION = YES;
				CLANG_WARN_OBJC_ROOT_CLASS = YES_ERROR;
				CLANG_WARN_QUOTED_INCLUDE_IN_FRAMEWORK_HEADER = YES;
				CLANG_WARN_RANGE_LOOP_ANALYSIS = YES;
				CLANG_WARN_STRICT_PROTOTYPES = YES;
				CLANG_WARN_SUSPICIOUS_MOVE = YES;
				CLANG_WARN_UNGUARDED_AVAILABILITY = YES_AGGRESSIVE;
				CLANG_WARN_UNREACHABLE_CODE = YES;
				CLANG_WARN__DUPLICATE_METHOD_MATCH = YES;
				CODE_SIGN_STYLE = Automatic;
				COPY_PHASE_STRIP = NO;
				DEBUG_INFORMATION_FORMAT = dwarf;
				DEVELOPMENT_TEAM = "";
				ENABLE_STRICT_OBJC_MSGSEND = YES;
				ENABLE_TESTABILITY = YES;
				GCC_C_LANGUAGE_STANDARD = gnu11;
				GCC_DYNAMIC_NO_PIC = NO;
				GCC_NO_COMMON_BLOCKS = YES;
				GCC_OPTIMIZATION_LEVEL = 0;
				GCC_PREPROCESSOR_DEFINITIONS = (
					"$(inherited)",
					"DEBUG=1",
				);
				GCC_WARN_64_TO_32_BIT_CONVERSION = YES;
				GCC_WARN_ABOUT_RETURN_TYPE = YES_ERROR;
				GCC_WARN_UNDECLARED_SELECTOR = YES;
				GCC_WARN_UNINITIALIZED_AUTOS = YES_AGGRESSIVE;
				GCC_WARN_UNUSED_FUNCTION = YES;
				GCC_WARN_UNUSED_VARIABLE = YES;
				IPHONEOS_DEPLOYMENT_TARGET = 17.0;
				MTL_ENABLE_DEBUG_INFO = INCLUDE_SOURCE;
				MTL_FAST_MATH = YES;
				ONLY_ACTIVE_ARCH = YES;
				PRODUCT_NAME = "$(TARGET_NAME)";
				SDKROOT = iphoneos;
				SWIFT_ACTIVE_COMPILATION_CONDITIONS = DEBUG;
				SWIFT_OPTIMIZATION_LEVEL = "-Onone";
				SWIFT_VERSION = 5.1;
			};
			name = Debug;
		};
/* End XCBuildConfiguration section */

/* Begin XCConfigurationList section */
		4DD6564B170DEC0395FA70E1 /* Build configuration list for PBXProject "BlueskyReader" */ = {
			isa = XCConfigurationList;
			buildConfigurations = (
				F0C9FB78B667597DA0376463 /* Debug */,
				B1156B53CD37B9783762C618 /* Release */,
			);
			defaultConfigurationIsVisible = 0;
			defaultConfigurationName = Debug;
		};
		A778FE324484FA6C056E6A9A /* Build configuration list for PBXNativeTarget "BlueskyReaderTests" */ = {
			isa = XCConfigurationList;
			buildConfigurations = (
				93E0DC18BD7E46CFEE8673E5 /* Debug */,
				2E8173DC2B4CF1652DDC8D26 /* Release */,
			);
			defaultConfigurationIsVisible = 0;
			defaultConfigurationName = Debug;
		};
		AD5516BF55B9F7CA5381645B /* Build configuration list for PBXNativeTarget "BlueskyReader" */ = {
			isa = XCConfigurationList;
			buildConfigurations = (
				75162CB535604846FBA751F8 /* Debug */,
				B4397CE9C4BEA0C641049A17 /* Release */,
			);
			defaultConfigurationIsVisible = 0;
			defaultConfigurationName = Debug;
		};
/* End XCConfigurationList section */
	};
	rootObject = 9EF538A15C8B32940B9AC6F5 /* Project object */;
}
